[[package]]
category = "main"
description = "Confluent's Python client for Apache Kafka"
name = "confluent-kafka"
optional = false
python-versions = "*"
version = "1.8.2"

[package.extras]
avro = ["requests", "fastavro (>=0.23.0,<1.0)", "avro (1.10.0)", "fastavro (>=1.0)", "avro-python3 (1.10.0)"]
dev = ["pytest-timeout", "flake8", "requests", "pytest (4.6.4)", "fastavro (>=0.23.0,<1.0)", "avro (1.10.0)", "fastavro (>=1.0)", "avro-python3 (1.10.0)", "pytest"]
doc = ["sphinx", "sphinx-rtd-theme", "requests", "fastavro (>=0.23.0,<1.0)", "avro (1.10.0)", "fastavro (>=1.0)", "avro-python3 (1.10.0)"]
json = ["jsonschema", "requests", "pyrsistent (0.16.1)", "pyrsistent"]
protobuf = ["protobuf", "requests"]
schema-registry = ["requests"]

[[package]]
category = "main"
description = "Decorators for Humans"
name = "decorator"
optional = false
python-versions = ">=3.5"
version = "5.1.1"

[[package]]
category = "main"
description = "library with cross-python path, ini-parsing, io, code, log facilities"
name = "py"
optional = false
python-versions = ">=2.7, !=3.0.*, !=3.1.*, !=3.2.*, !=3.3.*, !=3.4.*"
version = "1.11.0"

[[package]]
category = "main"
description = "Easy to use retry decorator."
name = "retry"
optional = false
python-versions = "*"
version = "0.9.2"

[package.dependencies]
decorator = ">=3.4.2"
py = ">=1.4.26,<2.0.0"

[[package]]
category = "main"
description = "Job scheduling for humans."
name = "schedule"
optional = false
python-versions = ">=3.6"
version = "1.1.0"

[metadata]
content-hash = "5f0936312724edc1a5ae870e80d554ea37d0f4506e68a50cc1a7a23300bbe175"
lock-version = "1.0"
python-versions = "^3.8"

[metadata.files]
confluent-kafka = [
    {file = "confluent-kafka-1.8.2.tar.gz", hash = "sha256:b79e836c3554bc51c6837a8a0152f7521c9bf31342f5b8e21eba6b28044fa585"},
    {file = "confluent_kafka-1.8.2-cp36-cp36m-macosx_10_9_x86_64.whl", hash = "sha256:02b78bb6d1199ea350240eae1f4415f22014896199a46edf85f779a69751f984"},
    {file = "confluent_kafka-1.8.2-cp36-cp36m-manylinux2010_x86_64.whl", hash = "sha256:d50b091770d277714766943d885ad6b2c5c427e67328706cfd33dc86eef540c9"},
    {file = "confluent_kafka-1.8.2-cp36-cp36m-win32.whl", hash = "sha256:4f26052ef53212752039cd1d9e932b2feb6a0975d717ab070af323629a72a0b9"},
    {file = "confluent_kafka-1.8.2-cp36-cp36m-win_amd64.whl", hash = "sha256:ac7155e1b9a94445ed8eecf691c80c61407148813808a2aa1cba0babbe197e77"},
    {file = "confluent_kafka-1.8.2-cp37-cp37m-macosx_10_9_x86_64.whl", hash = "sha256:039c68379f9a5ece6e45a683ec7abebb95a9dac904ec4e2f9d93738e1cf6fab2"},
    {file = "confluent_kafka-1.8.2-cp37-cp37m-manylinux2010_x86_64.whl", hash = "sha256:b7cb6fa3d44972e3670e0b3b054186a6006e6fd664600cfe70e008fad2443d16"},
    {file = "confluent_kafka-1.8.2-cp37-cp37m-win32.whl", hash = "sha256:748813f47641dd65dd8d3bae8dcb3ce96a3e455c12b467d4b35e1fc880362d01"},
    {file = "confluent_kafka-1.8.2-cp37-cp37m-win_amd64.whl", hash = "sha256:ead7f18c516f7bcb886b643fa78ff2a2142270adaf931ba0311b62e9a047e6ca"},
    {file = "confluent_kafka-1.8.2-cp38-cp38-macosx_10_9_x86_64.whl", hash = "sha256:3d66e8c1a6a15144ca5b176170adbf30207c27813c76202c56abf52ef2b475e1"},
    {file = "confluent_kafka-1.8.2-cp38-cp38-manylinux2010_x86_64.whl", hash = "sha256:585bc8e8aa7d6fbd46dc0b2da3d4b1fd8457555288fee1ecba6af2c97ab738cc"},
    {file = "confluent_kafka-1.8.2-cp38-cp38-win32.whl", hash = "sha256:ae75d3f4bc3d2109663912d77911c45aaa2939bde3694fc05e75842c806fa760"},
    {file = "confluent_kafka-1.8.2-cp38-cp38-win_amd64.whl", hash = "sha256:1df83fa20e4fe032651ad73ce0ba85dd14a7fabff6066c9cb20e944d2748e72b"},
    {file = "confluent_kafka-1.8.2-cp39-cp39-macosx_10_9_x86_64.whl", hash = "sha256:add05db627435697d4ed8f81b3ce1081931770813a989fd775910865f07d694d"},
    {file = "confluent_kafka-1.8.2-cp39-cp39-manylinux2010_x86_64.whl", hash = "sha256:e49382a943fb47813f421e913cc6c87cd1d4bfdecad1785efa0dacada7003d84"},
    {file = "confluent_kafka-1.8.2-cp39-cp39-win32.whl", hash = "sha256:b679c3f9f555e87a9cbb043c676473c30d12182609e075be85afd98f84bcc863"},
    {file = "confluent_kafka-1.8.2-cp39-cp39-win_amd64.whl", hash = "sha256:f843680e183479f6e0732b593ea3235c836a5bb2de6be3819a11b891b6af1dde"},
]
decorator = [
    {file = "decorator-5.1.1-py3-none-any.whl", hash = "sha256:b8c3f85900b9dc423225913c5aace94729fe1fa9763b38939a95226f02d37186"},
    {file = "decorator-5.1.1.tar.gz", hash = "sha256:637996211036b6385ef91435e4fae22989472f9d571faba8927ba8253acbc330"},
]
py = [
    {file = "py-1.11.0-py2.py3-none-any.whl", hash = "sha256:607c53218732647dff4acdfcd50cb62615cedf612e72d1724fb1a0cc6405b378"},
    {file = "py-1.11.0.tar.gz", hash = "sha256:51c75c4126074b472f746a24399ad32f6053d1b34b68d2fa41e558e6f4a98719"},
]
retry = [
    {file = "retry-0.9.2-py2.py3-none-any.whl", hash = "sha256:ccddf89761fa2c726ab29391837d4327f819ea14d244c232a1d24c67a2f98606"},
    {file = "retry-0.9.2.tar.gz", hash = "sha256:f8bfa8b99b69c4506d6f5bd3b0aabf77f98cdb17f3c9fc3f5ca820033336fba4"},
]
schedule = [
    {file = "schedule-1.1.0-py2.py3-none-any.whl", hash = "sha256:617adce8b4bf38c360b781297d59918fbebfb2878f1671d189f4f4af5d0567a4"},
    {file = "schedule-1.1.0.tar.gz", hash = "sha256:e6ca13585e62c810e13a08682e0a6a8ad245372e376ba2b8679294f377dfc8e4"},
]
